{
  "requires": true,
  "lockfileVersion": 1,
  "dependencies": {
    "acorn": {
      "version": "6.0.6",
      "resolved": "https://registry.npmjs.org/acorn/-/acorn-6.0.6.tgz",
      "integrity": "sha512-5M3G/A4uBSMIlfJ+h9W125vJvPFH/zirISsW5qfxF5YzEvXJCtolLoQvM5yZft0DvMcUrPGKPOlgEu55I6iUtA=="
    }
  }
}
